
Microsoft Visual Studio Solution File, Format Version 12.00
# Visual Studio 15
VisualStudioVersion = 15.0.27130.2020
MinimumVisualStudioVersion = 10.0.40219.1
Project("{FAE04EC0-301F-11D3-BF4B-00C04F79EFBC}") = "SqlAnalyser", "SqlAnalyser\SqlAnalyser.csproj", "{ED1BE32D-BAF6-4AB6-A38B-29DDDE40E6A1}"
EndProject
Project("{FAE04EC0-301F-11D3-BF4B-00C04F79EFBC}") = "SqlAnalyser.Tests", "SqlAnalyser.Tests\SqlAnalyser.Tests.csproj", "{A59E1766-427D-4219-B7CE-FCA067B5FEE0}"
EndProject
Global
	GlobalSection(SolutionConfigurationPlatforms) = preSolution
		Debug|Any CPU = Debug|Any CPU
		Release|Any CPU = Release|Any CPU
	EndGlobalSection
	GlobalSection(ProjectConfigurationPlatforms) = postSolution
		{ED1BE32D-BAF6-4AB6-A38B-29DDDE40E6A1}.Debug|Any CPU.ActiveCfg = Debug|Any CPU
		{ED1BE32D-BAF6-4AB6-A38B-29DDDE40E6A1}.Debug|Any CPU.Build.0 = Debug|Any CPU
		{ED1BE32D-BAF6-4AB6-A38B-29DDDE40E6A1}.Release|Any CPU.ActiveCfg = Release|Any CPU
		{ED1BE32D-BAF6-4AB6-A38B-29DDDE40E6A1}.Release|Any CPU.Build.0 = Release|Any CPU
		{A59E1766-427D-4219-B7CE-FCA067B5FEE0}.Debug|Any CPU.ActiveCfg = Debug|Any CPU
		{A59E1766-427D-4219-B7CE-FCA067B5FEE0}.Debug|Any CPU.Build.0 = Debug|Any CPU
		{A59E1766-427D-4219-B7CE-FCA067B5FEE0}.Release|Any CPU.ActiveCfg = Release|Any CPU
		{A59E1766-427D-4219-B7CE-FCA067B5FEE0}.Release|Any CPU.Build.0 = Release|Any CPU
	EndGlobalSection
	GlobalSection(SolutionProperties) = preSolution
		HideSolutionNode = FALSE
	EndGlobalSection
	GlobalSection(ExtensibilityGlobals) = postSolution
		SolutionGuid = {5C3F77C5-F810-4E94-A667-B66B841D8E66}
	EndGlobalSection
EndGlobal
